
Microsoft Visual Studio Solution File, Format Version 12.00
# Visual Studio Version 17
VisualStudioVersion = 17.3.32819.101
MinimumVisualStudioVersion = 10.0.40219.1
Project("{9A19103F-16F7-4668-BE54-9A1E7A4F7556}") = "SB.Server.WebApp", "..\SB.Server.WebApp\SB.Server.WebApp.csproj", "{765DE1EE-A2D6-4149-A2A3-27A6DEAC4683}"
EndProject
Project("{2150E333-8FDC-42A3-9474-1A3956D46DE8}") = "Tests", "Tests", "{FD71A942-9BF3-448C-8044-B214725B9B2D}"
EndProject
Project("{2150E333-8FDC-42A3-9474-1A3956D46DE8}") = "_Host", "_Host", "{05254605-6D2E-4ADC-94AD-07B5E83A0EDB}"
EndProject
Project("{9A19103F-16F7-4668-BE54-9A1E7A4F7556}") = "SB.Server.WebApp.IntegrationTests", "..\Tests\SB.Server.WebApp.IntegrationTests\SB.Server.WebApp.IntegrationTests.csproj", "{4326B5D3-F348-4CC9-8D64-EC1C595F28C9}"
EndProject
Project("{9A19103F-16F7-4668-BE54-9A1E7A4F7556}") = "TheOddsApi.UnitTests", "..\Tests\TheOddsApi.UnitTests\TheOddsApi.UnitTests.csproj", "{A23F926E-2F88-4B34-982B-D4855F632017}"
EndProject
Project("{2150E333-8FDC-42A3-9474-1A3956D46DE8}") = "TheOddsApi", "TheOddsApi", "{2A6DB144-5710-4B69-A535-4C985F8B1423}"
EndProject
Project("{9A19103F-16F7-4668-BE54-9A1E7A4F7556}") = "TheOddsApi.Model", "..\TheOddsApi.Model\TheOddsApi.Model.csproj", "{5ADCD87E-01BE-4A5B-ADBE-F23F54A6CA5F}"
EndProject
Project("{9A19103F-16F7-4668-BE54-9A1E7A4F7556}") = "TheOddsApi.Parser", "..\TheOddsApi.Parser\TheOddsApi.Parser.csproj", "{23892986-3B25-40D2-8552-7958F4235CBB}"
EndProject
Project("{2150E333-8FDC-42A3-9474-1A3956D46DE8}") = "Utilities", "Utilities", "{29798617-3218-483F-A8EB-8A79E398D03D}"
EndProject
Project("{9A19103F-16F7-4668-BE54-9A1E7A4F7556}") = "SB.Utilities", "..\SB.Utilities\SB.Utilities.csproj", "{296FBDDB-7E6D-4683-93B6-DE7EDB2161EF}"
EndProject
Project("{2150E333-8FDC-42A3-9474-1A3956D46DE8}") = "Server", "Server", "{4E137101-FAD8-47DF-B703-930081A35D97}"
EndProject
Project("{9A19103F-16F7-4668-BE54-9A1E7A4F7556}") = "SB.Server.Common", "..\SB.Server.Common\SB.Server.Common.csproj", "{73D5AD19-EDF3-4675-B995-D9E41FC602C2}"
EndProject
Project("{2150E333-8FDC-42A3-9474-1A3956D46DE8}") = "_Common", "_Common", "{C2183E67-9087-4369-8A0D-FC4BD518C418}"
EndProject
Project("{9A19103F-16F7-4668-BE54-9A1E7A4F7556}") = "SB.Server.Root", "..\SB.Server.Root\SB.Server.Root.csproj", "{AC9F5A76-C988-4747-B47D-184A18338BC6}"
EndProject
Project("{2150E333-8FDC-42A3-9474-1A3956D46DE8}") = "_Root", "_Root", "{7324DDD4-76FC-4F96-A09B-4372F17F5A24}"
EndProject
Project("{9A19103F-16F7-4668-BE54-9A1E7A4F7556}") = "SB.Server.Common.SQL", "..\SB.Server.Common.SQL\SB.Server.Common.SQL.csproj", "{D96F32BB-E63E-4CDD-BE57-621F7FC8CF35}"
EndProject
Project("{9A19103F-16F7-4668-BE54-9A1E7A4F7556}") = "SB.Server.Root.Casinos", "..\SB.Server.Root.Casinos\SB.Server.Root.Casinos.csproj", "{A943D8B0-A8BC-4642-9B6A-8ED2B2E07A41}"
EndProject
Project("{9A19103F-16F7-4668-BE54-9A1E7A4F7556}") = "SB.Server.Root.Casinos.SQL", "..\SB.Server.Root.Casinos.SQL\SB.Server.Root.Casinos.SQL.csproj", "{22D8C604-459D-4489-8560-AD364EED7B5B}"
EndProject
Project("{9A19103F-16F7-4668-BE54-9A1E7A4F7556}") = "SB.Server.App.React", "..\SB.Server.App.React\SB.Server.App.React.csproj", "{541EA86B-5A0E-46FB-ACBC-B277C7C99049}"
EndProject
Project("{9A19103F-16F7-4668-BE54-9A1E7A4F7556}") = "SB.Server.App.Common", "..\SB.Server.App.Common\SB.Server.App.Common.csproj", "{5CE73D07-9593-410E-85F6-28350783C6C1}"
EndProject
Project("{9A19103F-16F7-4668-BE54-9A1E7A4F7556}") = "SB.Server.Root.CasinoGames", "..\SB.Server.Root.CasinoGames\SB.Server.Root.CasinoGames.csproj", "{03790BFE-99A1-48F8-9B28-61BA7C9D5A1D}"
EndProject
Project("{9A19103F-16F7-4668-BE54-9A1E7A4F7556}") = "SB.Server.Root.CasinoGames.SQL", "..\SB.Server.Root.CasinoGames.SQL\SB.Server.Root.CasinoGames.SQL.csproj", "{6A63F799-B16F-4DB1-9D4D-EDA674B78CBF}"
EndProject
Global
	GlobalSection(SolutionConfigurationPlatforms) = preSolution
		Debug|Any CPU = Debug|Any CPU
		Release|Any CPU = Release|Any CPU
	EndGlobalSection
	GlobalSection(ProjectConfigurationPlatforms) = postSolution
		{765DE1EE-A2D6-4149-A2A3-27A6DEAC4683}.Debug|Any CPU.ActiveCfg = Debug|Any CPU
		{765DE1EE-A2D6-4149-A2A3-27A6DEAC4683}.Debug|Any CPU.Build.0 = Debug|Any CPU
		{765DE1EE-A2D6-4149-A2A3-27A6DEAC4683}.Release|Any CPU.ActiveCfg = Release|Any CPU
		{765DE1EE-A2D6-4149-A2A3-27A6DEAC4683}.Release|Any CPU.Build.0 = Release|Any CPU
		{4326B5D3-F348-4CC9-8D64-EC1C595F28C9}.Debug|Any CPU.ActiveCfg = Debug|Any CPU
		{4326B5D3-F348-4CC9-8D64-EC1C595F28C9}.Debug|Any CPU.Build.0 = Debug|Any CPU
		{4326B5D3-F348-4CC9-8D64-EC1C595F28C9}.Release|Any CPU.ActiveCfg = Release|Any CPU
		{4326B5D3-F348-4CC9-8D64-EC1C595F28C9}.Release|Any CPU.Build.0 = Release|Any CPU
		{A23F926E-2F88-4B34-982B-D4855F632017}.Debug|Any CPU.ActiveCfg = Debug|Any CPU
		{A23F926E-2F88-4B34-982B-D4855F632017}.Debug|Any CPU.Build.0 = Debug|Any CPU
		{A23F926E-2F88-4B34-982B-D4855F632017}.Release|Any CPU.ActiveCfg = Release|Any CPU
		{A23F926E-2F88-4B34-982B-D4855F632017}.Release|Any CPU.Build.0 = Release|Any CPU
		{5ADCD87E-01BE-4A5B-ADBE-F23F54A6CA5F}.Debug|Any CPU.ActiveCfg = Debug|Any CPU
		{5ADCD87E-01BE-4A5B-ADBE-F23F54A6CA5F}.Debug|Any CPU.Build.0 = Debug|Any CPU
		{5ADCD87E-01BE-4A5B-ADBE-F23F54A6CA5F}.Release|Any CPU.ActiveCfg = Release|Any CPU
		{5ADCD87E-01BE-4A5B-ADBE-F23F54A6CA5F}.Release|Any CPU.Build.0 = Release|Any CPU
		{23892986-3B25-40D2-8552-7958F4235CBB}.Debug|Any CPU.ActiveCfg = Debug|Any CPU
		{23892986-3B25-40D2-8552-7958F4235CBB}.Debug|Any CPU.Build.0 = Debug|Any CPU
		{23892986-3B25-40D2-8552-7958F4235CBB}.Release|Any CPU.ActiveCfg = Release|Any CPU
		{23892986-3B25-40D2-8552-7958F4235CBB}.Release|Any CPU.Build.0 = Release|Any CPU
		{296FBDDB-7E6D-4683-93B6-DE7EDB2161EF}.Debug|Any CPU.ActiveCfg = Debug|Any CPU
		{296FBDDB-7E6D-4683-93B6-DE7EDB2161EF}.Debug|Any CPU.Build.0 = Debug|Any CPU
		{296FBDDB-7E6D-4683-93B6-DE7EDB2161EF}.Release|Any CPU.ActiveCfg = Release|Any CPU
		{296FBDDB-7E6D-4683-93B6-DE7EDB2161EF}.Release|Any CPU.Build.0 = Release|Any CPU
		{73D5AD19-EDF3-4675-B995-D9E41FC602C2}.Debug|Any CPU.ActiveCfg = Debug|Any CPU
		{73D5AD19-EDF3-4675-B995-D9E41FC602C2}.Debug|Any CPU.Build.0 = Debug|Any CPU
		{73D5AD19-EDF3-4675-B995-D9E41FC602C2}.Release|Any CPU.ActiveCfg = Release|Any CPU
		{73D5AD19-EDF3-4675-B995-D9E41FC602C2}.Release|Any CPU.Build.0 = Release|Any CPU
		{AC9F5A76-C988-4747-B47D-184A18338BC6}.Debug|Any CPU.ActiveCfg = Debug|Any CPU
		{AC9F5A76-C988-4747-B47D-184A18338BC6}.Debug|Any CPU.Build.0 = Debug|Any CPU
		{AC9F5A76-C988-4747-B47D-184A18338BC6}.Release|Any CPU.ActiveCfg = Release|Any CPU
		{AC9F5A76-C988-4747-B47D-184A18338BC6}.Release|Any CPU.Build.0 = Release|Any CPU
		{D96F32BB-E63E-4CDD-BE57-621F7FC8CF35}.Debug|Any CPU.ActiveCfg = Debug|Any CPU
		{D96F32BB-E63E-4CDD-BE57-621F7FC8CF35}.Debug|Any CPU.Build.0 = Debug|Any CPU
		{D96F32BB-E63E-4CDD-BE57-621F7FC8CF35}.Release|Any CPU.ActiveCfg = Release|Any CPU
		{D96F32BB-E63E-4CDD-BE57-621F7FC8CF35}.Release|Any CPU.Build.0 = Release|Any CPU
		{A943D8B0-A8BC-4642-9B6A-8ED2B2E07A41}.Debug|Any CPU.ActiveCfg = Debug|Any CPU
		{A943D8B0-A8BC-4642-9B6A-8ED2B2E07A41}.Debug|Any CPU.Build.0 = Debug|Any CPU
		{A943D8B0-A8BC-4642-9B6A-8ED2B2E07A41}.Release|Any CPU.ActiveCfg = Release|Any CPU
		{A943D8B0-A8BC-4642-9B6A-8ED2B2E07A41}.Release|Any CPU.Build.0 = Release|Any CPU
		{22D8C604-459D-4489-8560-AD364EED7B5B}.Debug|Any CPU.ActiveCfg = Debug|Any CPU
		{22D8C604-459D-4489-8560-AD364EED7B5B}.Debug|Any CPU.Build.0 = Debug|Any CPU
		{22D8C604-459D-4489-8560-AD364EED7B5B}.Release|Any CPU.ActiveCfg = Release|Any CPU
		{22D8C604-459D-4489-8560-AD364EED7B5B}.Release|Any CPU.Build.0 = Release|Any CPU
		{541EA86B-5A0E-46FB-ACBC-B277C7C99049}.Debug|Any CPU.ActiveCfg = Debug|Any CPU
		{541EA86B-5A0E-46FB-ACBC-B277C7C99049}.Debug|Any CPU.Build.0 = Debug|Any CPU
		{541EA86B-5A0E-46FB-ACBC-B277C7C99049}.Release|Any CPU.ActiveCfg = Release|Any CPU
		{541EA86B-5A0E-46FB-ACBC-B277C7C99049}.Release|Any CPU.Build.0 = Release|Any CPU
		{5CE73D07-9593-410E-85F6-28350783C6C1}.Debug|Any CPU.ActiveCfg = Debug|Any CPU
		{5CE73D07-9593-410E-85F6-28350783C6C1}.Debug|Any CPU.Build.0 = Debug|Any CPU
		{5CE73D07-9593-410E-85F6-28350783C6C1}.Release|Any CPU.ActiveCfg = Release|Any CPU
		{5CE73D07-9593-410E-85F6-28350783C6C1}.Release|Any CPU.Build.0 = Release|Any CPU
		{03790BFE-99A1-48F8-9B28-61BA7C9D5A1D}.Debug|Any CPU.ActiveCfg = Debug|Any CPU
		{03790BFE-99A1-48F8-9B28-61BA7C9D5A1D}.Debug|Any CPU.Build.0 = Debug|Any CPU
		{03790BFE-99A1-48F8-9B28-61BA7C9D5A1D}.Release|Any CPU.ActiveCfg = Release|Any CPU
		{03790BFE-99A1-48F8-9B28-61BA7C9D5A1D}.Release|Any CPU.Build.0 = Release|Any CPU
		{6A63F799-B16F-4DB1-9D4D-EDA674B78CBF}.Debug|Any CPU.ActiveCfg = Debug|Any CPU
		{6A63F799-B16F-4DB1-9D4D-EDA674B78CBF}.Debug|Any CPU.Build.0 = Debug|Any CPU
		{6A63F799-B16F-4DB1-9D4D-EDA674B78CBF}.Release|Any CPU.ActiveCfg = Release|Any CPU
		{6A63F799-B16F-4DB1-9D4D-EDA674B78CBF}.Release|Any CPU.Build.0 = Release|Any CPU
	EndGlobalSection
	GlobalSection(SolutionProperties) = preSolution
		HideSolutionNode = FALSE
	EndGlobalSection
	GlobalSection(NestedProjects) = preSolution
		{765DE1EE-A2D6-4149-A2A3-27A6DEAC4683} = {05254605-6D2E-4ADC-94AD-07B5E83A0EDB}
		{05254605-6D2E-4ADC-94AD-07B5E83A0EDB} = {4E137101-FAD8-47DF-B703-930081A35D97}
		{4326B5D3-F348-4CC9-8D64-EC1C595F28C9} = {FD71A942-9BF3-448C-8044-B214725B9B2D}
		{A23F926E-2F88-4B34-982B-D4855F632017} = {FD71A942-9BF3-448C-8044-B214725B9B2D}
		{5ADCD87E-01BE-4A5B-ADBE-F23F54A6CA5F} = {2A6DB144-5710-4B69-A535-4C985F8B1423}
		{23892986-3B25-40D2-8552-7958F4235CBB} = {2A6DB144-5710-4B69-A535-4C985F8B1423}
		{296FBDDB-7E6D-4683-93B6-DE7EDB2161EF} = {29798617-3218-483F-A8EB-8A79E398D03D}
		{73D5AD19-EDF3-4675-B995-D9E41FC602C2} = {C2183E67-9087-4369-8A0D-FC4BD518C418}
		{C2183E67-9087-4369-8A0D-FC4BD518C418} = {4E137101-FAD8-47DF-B703-930081A35D97}
		{AC9F5A76-C988-4747-B47D-184A18338BC6} = {7324DDD4-76FC-4F96-A09B-4372F17F5A24}
		{7324DDD4-76FC-4F96-A09B-4372F17F5A24} = {4E137101-FAD8-47DF-B703-930081A35D97}
		{D96F32BB-E63E-4CDD-BE57-621F7FC8CF35} = {C2183E67-9087-4369-8A0D-FC4BD518C418}
		{A943D8B0-A8BC-4642-9B6A-8ED2B2E07A41} = {7324DDD4-76FC-4F96-A09B-4372F17F5A24}
		{22D8C604-459D-4489-8560-AD364EED7B5B} = {7324DDD4-76FC-4F96-A09B-4372F17F5A24}
		{541EA86B-5A0E-46FB-ACBC-B277C7C99049} = {05254605-6D2E-4ADC-94AD-07B5E83A0EDB}
		{5CE73D07-9593-410E-85F6-28350783C6C1} = {05254605-6D2E-4ADC-94AD-07B5E83A0EDB}
		{03790BFE-99A1-48F8-9B28-61BA7C9D5A1D} = {7324DDD4-76FC-4F96-A09B-4372F17F5A24}
		{6A63F799-B16F-4DB1-9D4D-EDA674B78CBF} = {7324DDD4-76FC-4F96-A09B-4372F17F5A24}
	EndGlobalSection
	GlobalSection(ExtensibilityGlobals) = postSolution
		SolutionGuid = {086C4CDF-AB09-415A-916C-BE5BE52DD1BF}
	EndGlobalSection
EndGlobal
