
Microsoft Visual Studio Solution File, Format Version 12.00
# Visual Studio Version 17
VisualStudioVersion = 17.3.32819.101
MinimumVisualStudioVersion = 10.0.40219.1
Project("{9A19103F-16F7-4668-BE54-9A1E7A4F7556}") = "SB.Server.WebApp", "..\SB.Server.WebApp\SB.Server.WebApp.csproj", "{765DE1EE-A2D6-4149-A2A3-27A6DEAC4683}"
EndProject
Project("{2150E333-8FDC-42A3-9474-1A3956D46DE8}") = "Tests", "Tests", "{FD71A942-9BF3-448C-8044-B214725B9B2D}"
EndProject
Project("{2150E333-8FDC-42A3-9474-1A3956D46DE8}") = "Api", "Api", "{05254605-6D2E-4ADC-94AD-07B5E83A0EDB}"
EndProject
Project("{9A19103F-16F7-4668-BE54-9A1E7A4F7556}") = "SB.Server.WebApp.IntegrationTests", "..\Tests\SB.Server.WebApp.IntegrationTests\SB.Server.WebApp.IntegrationTests.csproj", "{4326B5D3-F348-4CC9-8D64-EC1C595F28C9}"
EndProject
Project("{FAE04EC0-301F-11D3-BF4B-00C04F79EFBC}") = "TheOddsApi.UnitTests", "..\Tests\TheOddsApi.UnitTests\TheOddsApi.UnitTests.csproj", "{A23F926E-2F88-4B34-982B-D4855F632017}"
EndProject
Project("{2150E333-8FDC-42A3-9474-1A3956D46DE8}") = "TheOddsApi", "TheOddsApi", "{2A6DB144-5710-4B69-A535-4C985F8B1423}"
EndProject
Project("{FAE04EC0-301F-11D3-BF4B-00C04F79EFBC}") = "TheOddsApi.Model", "..\TheOddsApi.Model\TheOddsApi.Model.csproj", "{5ADCD87E-01BE-4A5B-ADBE-F23F54A6CA5F}"
EndProject
Project("{FAE04EC0-301F-11D3-BF4B-00C04F79EFBC}") = "TheOddsApi.Parser", "..\TheOddsApi.Parser\TheOddsApi.Parser.csproj", "{23892986-3B25-40D2-8552-7958F4235CBB}"
EndProject
Project("{2150E333-8FDC-42A3-9474-1A3956D46DE8}") = "Utilities", "Utilities", "{29798617-3218-483F-A8EB-8A79E398D03D}"
EndProject
Project("{FAE04EC0-301F-11D3-BF4B-00C04F79EFBC}") = "SB.Utilities", "..\SB.Utilities\SB.Utilities.csproj", "{296FBDDB-7E6D-4683-93B6-DE7EDB2161EF}"
EndProject
Global
	GlobalSection(SolutionConfigurationPlatforms) = preSolution
		Debug|Any CPU = Debug|Any CPU
		Release|Any CPU = Release|Any CPU
	EndGlobalSection
	GlobalSection(ProjectConfigurationPlatforms) = postSolution
		{765DE1EE-A2D6-4149-A2A3-27A6DEAC4683}.Debug|Any CPU.ActiveCfg = Debug|Any CPU
		{765DE1EE-A2D6-4149-A2A3-27A6DEAC4683}.Debug|Any CPU.Build.0 = Debug|Any CPU
		{765DE1EE-A2D6-4149-A2A3-27A6DEAC4683}.Release|Any CPU.ActiveCfg = Release|Any CPU
		{765DE1EE-A2D6-4149-A2A3-27A6DEAC4683}.Release|Any CPU.Build.0 = Release|Any CPU
		{4326B5D3-F348-4CC9-8D64-EC1C595F28C9}.Debug|Any CPU.ActiveCfg = Debug|Any CPU
		{4326B5D3-F348-4CC9-8D64-EC1C595F28C9}.Debug|Any CPU.Build.0 = Debug|Any CPU
		{4326B5D3-F348-4CC9-8D64-EC1C595F28C9}.Release|Any CPU.ActiveCfg = Release|Any CPU
		{4326B5D3-F348-4CC9-8D64-EC1C595F28C9}.Release|Any CPU.Build.0 = Release|Any CPU
		{A23F926E-2F88-4B34-982B-D4855F632017}.Debug|Any CPU.ActiveCfg = Debug|Any CPU
		{A23F926E-2F88-4B34-982B-D4855F632017}.Debug|Any CPU.Build.0 = Debug|Any CPU
		{A23F926E-2F88-4B34-982B-D4855F632017}.Release|Any CPU.ActiveCfg = Release|Any CPU
		{A23F926E-2F88-4B34-982B-D4855F632017}.Release|Any CPU.Build.0 = Release|Any CPU
		{5ADCD87E-01BE-4A5B-ADBE-F23F54A6CA5F}.Debug|Any CPU.ActiveCfg = Debug|Any CPU
		{5ADCD87E-01BE-4A5B-ADBE-F23F54A6CA5F}.Debug|Any CPU.Build.0 = Debug|Any CPU
		{5ADCD87E-01BE-4A5B-ADBE-F23F54A6CA5F}.Release|Any CPU.ActiveCfg = Release|Any CPU
		{5ADCD87E-01BE-4A5B-ADBE-F23F54A6CA5F}.Release|Any CPU.Build.0 = Release|Any CPU
		{23892986-3B25-40D2-8552-7958F4235CBB}.Debug|Any CPU.ActiveCfg = Debug|Any CPU
		{23892986-3B25-40D2-8552-7958F4235CBB}.Debug|Any CPU.Build.0 = Debug|Any CPU
		{23892986-3B25-40D2-8552-7958F4235CBB}.Release|Any CPU.ActiveCfg = Release|Any CPU
		{23892986-3B25-40D2-8552-7958F4235CBB}.Release|Any CPU.Build.0 = Release|Any CPU
		{296FBDDB-7E6D-4683-93B6-DE7EDB2161EF}.Debug|Any CPU.ActiveCfg = Debug|Any CPU
		{296FBDDB-7E6D-4683-93B6-DE7EDB2161EF}.Debug|Any CPU.Build.0 = Debug|Any CPU
		{296FBDDB-7E6D-4683-93B6-DE7EDB2161EF}.Release|Any CPU.ActiveCfg = Release|Any CPU
		{296FBDDB-7E6D-4683-93B6-DE7EDB2161EF}.Release|Any CPU.Build.0 = Release|Any CPU
	EndGlobalSection
	GlobalSection(SolutionProperties) = preSolution
		HideSolutionNode = FALSE
	EndGlobalSection
	GlobalSection(NestedProjects) = preSolution
		{765DE1EE-A2D6-4149-A2A3-27A6DEAC4683} = {05254605-6D2E-4ADC-94AD-07B5E83A0EDB}
		{4326B5D3-F348-4CC9-8D64-EC1C595F28C9} = {FD71A942-9BF3-448C-8044-B214725B9B2D}
		{A23F926E-2F88-4B34-982B-D4855F632017} = {FD71A942-9BF3-448C-8044-B214725B9B2D}
		{5ADCD87E-01BE-4A5B-ADBE-F23F54A6CA5F} = {2A6DB144-5710-4B69-A535-4C985F8B1423}
		{23892986-3B25-40D2-8552-7958F4235CBB} = {2A6DB144-5710-4B69-A535-4C985F8B1423}
		{296FBDDB-7E6D-4683-93B6-DE7EDB2161EF} = {29798617-3218-483F-A8EB-8A79E398D03D}
	EndGlobalSection
	GlobalSection(ExtensibilityGlobals) = postSolution
		SolutionGuid = {086C4CDF-AB09-415A-916C-BE5BE52DD1BF}
	EndGlobalSection
EndGlobal
